
Microsoft Visual Studio Solution File, Format Version 12.00
# Visual Studio 15
Project("{FAE04EC0-301F-11D3-BF4B-00C04F79EFBC}") = "Assembly-CSharp", "Assembly-CSharp.csproj", "{953C52B7-F5E8-59F5-392B-78E7E9AC09E7}"
EndProject
Global
	GlobalSection(SolutionConfigurationPlatforms) = preSolution
		Debug|Any CPU = Debug|Any CPU
		Release|Any CPU = Release|Any CPU
	EndGlobalSection
	GlobalSection(ProjectConfigurationPlatforms) = postSolution
		{953C52B7-F5E8-59F5-392B-78E7E9AC09E7}.Debug|Any CPU.ActiveCfg = Debug|Any CPU
		{953C52B7-F5E8-59F5-392B-78E7E9AC09E7}.Debug|Any CPU.Build.0 = Debug|Any CPU
		{953C52B7-F5E8-59F5-392B-78E7E9AC09E7}.Release|Any CPU.ActiveCfg = Release|Any CPU
		{953C52B7-F5E8-59F5-392B-78E7E9AC09E7}.Release|Any CPU.Build.0 = Release|Any CPU
	EndGlobalSection
	GlobalSection(SolutionProperties) = preSolution
		HideSolutionNode = FALSE
	EndGlobalSection
EndGlobal
